{
  "name": "NeuroVegasClient",
  "lockfileVersion": 3,
  "requires": true,
  "packages": {
    "": {
      "dependencies": {
        "ini": "^5.0.0",
        "neuro-game-sdk": "^1.0.4",
        "ps-list": "^8.1.1"
      }
    },
    "node_modules/ini": {
      "version": "5.0.0",
      "resolved": "https://registry.npmjs.org/ini/-/ini-5.0.0.tgz",
      "integrity": "sha512-+N0ngpO3e7cRUWOJAS7qw0IZIVc6XPrW4MlFBdD066F2L4k1L6ker3hLqSq7iXxU5tgS4WGkIUElWn5vogAEnw==",
      "license": "ISC",
      "engines": {
        "node": "^18.17.0 || >=20.5.0"
      }
    },
    "node_modules/modern-isomorphic-ws": {
      "version": "1.0.5",
      "resolved": "https://registry.npmjs.org/modern-isomorphic-ws/-/modern-isomorphic-ws-1.0.5.tgz",
      "integrity": "sha512-cgJzdkn1//XyYJsFZkjPYKN21CXeG+KC38Q5uFwTnbUwG3pmmsUDS9a5RRJ6lFnjsnEbUKx+rIXjxX/uCUFYvQ==",
      "license": "MIT",
      "peerDependencies": {
        "ws": "^8.11.0"
      }
    },
    "node_modules/neuro-game-sdk": {
      "version": "1.0.4",
      "resolved": "https://registry.npmjs.org/neuro-game-sdk/-/neuro-game-sdk-1.0.4.tgz",
      "integrity": "sha512-VNo2UEEsllKqAe3nhkZSTatE14cUNnSsNY+JAwZbVqwn5hH4y37mpZyF1rRriqP7cbTKB5LJMjX4Hl9GKzzYRw==",
      "license": "MIT",
      "dependencies": {
        "modern-isomorphic-ws": "^1.0.5",
        "tslib": "^2.8.1"
      }
    },
    "node_modules/ps-list": {
      "version": "8.1.1",
      "resolved": "https://registry.npmjs.org/ps-list/-/ps-list-8.1.1.tgz",
      "integrity": "sha512-OPS9kEJYVmiO48u/B9qneqhkMvgCxT+Tm28VCEJpheTpl8cJ0ffZRRNgS5mrQRTrX5yRTpaJ+hRDeefXYmmorQ==",
      "license": "MIT",
      "engines": {
        "node": "^12.20.0 || ^14.13.1 || >=16.0.0"
      },
      "funding": {
        "url": "https://github.com/sponsors/sindresorhus"
      }
    },
    "node_modules/tslib": {
      "version": "2.8.1",
      "resolved": "https://registry.npmjs.org/tslib/-/tslib-2.8.1.tgz",
      "integrity": "sha512-oJFu94HQb+KVduSUQL7wnpmqnfmLsOA/nAh6b6EH0wCEoK0/mPeXU6c3wKDV83MkOuHPRHtSXKKU99IBazS/2w==",
      "license": "0BSD"
    },
    "node_modules/ws": {
      "version": "8.18.0",
      "resolved": "https://registry.npmjs.org/ws/-/ws-8.18.0.tgz",
      "integrity": "sha512-8VbfWfHLbbwu3+N6OKsOMpBdT4kXPDDB9cJk2bJ6mh9ucxdlnNvH1e+roYkKmN9Nxw2yjz7VzeO9oOz2zJ04Pw==",
      "license": "MIT",
      "peer": true,
      "engines": {
        "node": ">=10.0.0"
      },
      "peerDependencies": {
        "bufferutil": "^4.0.1",
        "utf-8-validate": ">=5.0.2"
      },
      "peerDependenciesMeta": {
        "bufferutil": {
          "optional": true
        },
        "utf-8-validate": {
          "optional": true
        }
      }
    }
  }
}
